
Microsoft Visual Studio Solution File, Format Version 12.00
# Visual Studio Version 17
VisualStudioVersion = 17.11.35327.3
MinimumVisualStudioVersion = 10.0.40219.1
Project("{FAE04EC0-301F-11D3-BF4B-00C04F79EFBC}") = "WpfPractise1", "WpfPractise1.csproj", "{500645E4-29CA-46BB-8EE4-B157C3E9FE4A}"
EndProject
Global
	GlobalSection(SolutionConfigurationPlatforms) = preSolution
		Debug|Any CPU = Debug|Any CPU
		Release|Any CPU = Release|Any CPU
	EndGlobalSection
	GlobalSection(ProjectConfigurationPlatforms) = postSolution
		{500645E4-29CA-46BB-8EE4-B157C3E9FE4A}.Debug|Any CPU.ActiveCfg = Debug|Any CPU
		{500645E4-29CA-46BB-8EE4-B157C3E9FE4A}.Debug|Any CPU.Build.0 = Debug|Any CPU
		{500645E4-29CA-46BB-8EE4-B157C3E9FE4A}.Release|Any CPU.ActiveCfg = Release|Any CPU
		{500645E4-29CA-46BB-8EE4-B157C3E9FE4A}.Release|Any CPU.Build.0 = Release|Any CPU
	EndGlobalSection
	GlobalSection(SolutionProperties) = preSolution
		HideSolutionNode = FALSE
	EndGlobalSection
	GlobalSection(ExtensibilityGlobals) = postSolution
		SolutionGuid = {D8412D27-B147-48B3-BE56-7B1B0E78ABF4}
	EndGlobalSection
EndGlobal
